
Microsoft Visual Studio Solution File, Format Version 12.00
# Visual Studio Version 17
VisualStudioVersion = 17.1.32407.343
MinimumVisualStudioVersion = 10.0.40219.1
Project("{2150E333-8FDC-42A3-9474-1A3956D46DE8}") = "API", "API", "{7E82CD34-B222-43C1-BAE7-CB2476C8DC8C}"
EndProject
Project("{2150E333-8FDC-42A3-9474-1A3956D46DE8}") = "Core", "Core", "{2127C9E2-6E28-4EBF-988D-59190EAA9147}"
EndProject
Project("{2150E333-8FDC-42A3-9474-1A3956D46DE8}") = "Utilities", "Utilities", "{0CEE1204-C202-4374-82E2-933DE86EB629}"
EndProject
Project("{9A19103F-16F7-4668-BE54-9A1E7A4F7556}") = "DOFY.Helper", "src\Utilities\Dofy.Helper\DOFY.Helper.csproj", "{6EDD8E71-CDCC-4C80-A510-CFD32D07DBB2}"
EndProject
Project("{9A19103F-16F7-4668-BE54-9A1E7A4F7556}") = "DOFY.Admin.API", "src\API\Dofy.Admin.API\DOFY.Admin.API.csproj", "{3641236B-85CB-4722-BA98-7D50178B1C33}"
EndProject
Project("{9A19103F-16F7-4668-BE54-9A1E7A4F7556}") = "DOFY.Cache", "src\Utilities\Dofy.Cache\DOFY.Cache.csproj", "{28BA9E38-8D32-4055-9F63-EB958B563BD6}"
EndProject
Project("{9A19103F-16F7-4668-BE54-9A1E7A4F7556}") = "DOFY.Attributes", "src\Utilities\Dofy.Attributes\DOFY.Attributes.csproj", "{B25BBD46-802D-49D3-A7F8-42527F1381E3}"
EndProject
Project("{9A19103F-16F7-4668-BE54-9A1E7A4F7556}") = "DOFY.DBO", "src\Core\Dofy.DBO\DOFY.DBO.csproj", "{015DB9E7-EFE2-4901-B227-AC84F5CBBE2D}"
EndProject
Project("{9A19103F-16F7-4668-BE54-9A1E7A4F7556}") = "DOFY.ViewEntities", "src\Core\Dofy.ViewEntities\DOFY.ViewEntities.csproj", "{9ECD1A0B-4815-46F0-B1E3-C74CF29DAC0B}"
EndProject
Project("{9A19103F-16F7-4668-BE54-9A1E7A4F7556}") = "DOFY.Contracts", "src\Core\Dofy.Contracts\DOFY.Contracts.csproj", "{E56F7B00-BC9D-4512-A1C6-060F30D4513E}"
EndProject
Project("{9A19103F-16F7-4668-BE54-9A1E7A4F7556}") = "DOFY.DAL", "src\Core\Dofy.DAL\DOFY.DAL.csproj", "{E051E9F8-CA43-49AE-888C-EF860FEC6E7A}"
EndProject
Project("{9A19103F-16F7-4668-BE54-9A1E7A4F7556}") = "DOFY.DataMappers", "src\Core\Dofy.DataMappers\DOFY.DataMappers.csproj", "{B6739C93-DDBB-4BCF-853E-02EAD8707AC8}"
EndProject
Project("{9A19103F-16F7-4668-BE54-9A1E7A4F7556}") = "DOFY.Model", "src\Core\Dofy.Model\DOFY.Model.csproj", "{6F86590F-5CDE-44A5-9C3E-C34F12AEC3CA}"
EndProject
Project("{9A19103F-16F7-4668-BE54-9A1E7A4F7556}") = "DOFY.Public.API", "src\API\DOFY.Public.API\DOFY.Public.API.csproj", "{2A6745D6-00E1-45AC-8188-F6FCFBE4F00A}"
EndProject
Project("{2150E333-8FDC-42A3-9474-1A3956D46DE8}") = "Services", "Services", "{550B4359-BBE4-47DD-865B-44A1B5AAEC0F}"
EndProject
Project("{9A19103F-16F7-4668-BE54-9A1E7A4F7556}") = "DOFY.NotificationService", "src\Services\DOFY.NotificationService\DOFY.NotificationService.csproj", "{98B867E8-7546-40EE-BB4C-9EA357A4E671}"
EndProject
Project("{9A19103F-16F7-4668-BE54-9A1E7A4F7556}") = "DOFY.Logger", "src\Utilities\DOFY.Logger\DOFY.Logger.csproj", "{7E8A7D62-9524-420D-86D5-46B659582F19}"
EndProject
Project("{FAE04EC0-301F-11D3-BF4B-00C04F79EFBC}") = "DOFY.Report.API", "src\API\DOFY.Report.API\DOFY.Report.API.csproj", "{F7D4418A-5D34-4AFD-B1B1-4056D80B649F}"
EndProject
Project("{2150E333-8FDC-42A3-9474-1A3956D46DE8}") = "Solution Items", "Solution Items", "{996D7E3D-921F-4D44-A636-12F6C7385382}"
	ProjectSection(SolutionItems) = preProject
		.editorconfig = .editorconfig
	EndProjectSection
EndProject
Project("{FAE04EC0-301F-11D3-BF4B-00C04F79EFBC}") = "DOFY.UploadHelper", "src\Utilities\DOFY.UploadHelper\DOFY.UploadHelper.csproj", "{1D54CE99-8C78-41AA-BBA7-CA83EF8D78BC}"
EndProject
Global
	GlobalSection(SolutionConfigurationPlatforms) = preSolution
		Debug|Any CPU = Debug|Any CPU
		Release|Any CPU = Release|Any CPU
	EndGlobalSection
	GlobalSection(ProjectConfigurationPlatforms) = postSolution
		{6EDD8E71-CDCC-4C80-A510-CFD32D07DBB2}.Debug|Any CPU.ActiveCfg = Debug|Any CPU
		{6EDD8E71-CDCC-4C80-A510-CFD32D07DBB2}.Debug|Any CPU.Build.0 = Debug|Any CPU
		{6EDD8E71-CDCC-4C80-A510-CFD32D07DBB2}.Release|Any CPU.ActiveCfg = Release|Any CPU
		{6EDD8E71-CDCC-4C80-A510-CFD32D07DBB2}.Release|Any CPU.Build.0 = Release|Any CPU
		{3641236B-85CB-4722-BA98-7D50178B1C33}.Debug|Any CPU.ActiveCfg = Debug|Any CPU
		{3641236B-85CB-4722-BA98-7D50178B1C33}.Debug|Any CPU.Build.0 = Debug|Any CPU
		{3641236B-85CB-4722-BA98-7D50178B1C33}.Release|Any CPU.ActiveCfg = Release|Any CPU
		{3641236B-85CB-4722-BA98-7D50178B1C33}.Release|Any CPU.Build.0 = Release|Any CPU
		{28BA9E38-8D32-4055-9F63-EB958B563BD6}.Debug|Any CPU.ActiveCfg = Debug|Any CPU
		{28BA9E38-8D32-4055-9F63-EB958B563BD6}.Debug|Any CPU.Build.0 = Debug|Any CPU
		{28BA9E38-8D32-4055-9F63-EB958B563BD6}.Release|Any CPU.ActiveCfg = Release|Any CPU
		{28BA9E38-8D32-4055-9F63-EB958B563BD6}.Release|Any CPU.Build.0 = Release|Any CPU
		{B25BBD46-802D-49D3-A7F8-42527F1381E3}.Debug|Any CPU.ActiveCfg = Debug|Any CPU
		{B25BBD46-802D-49D3-A7F8-42527F1381E3}.Debug|Any CPU.Build.0 = Debug|Any CPU
		{B25BBD46-802D-49D3-A7F8-42527F1381E3}.Release|Any CPU.ActiveCfg = Release|Any CPU
		{B25BBD46-802D-49D3-A7F8-42527F1381E3}.Release|Any CPU.Build.0 = Release|Any CPU
		{015DB9E7-EFE2-4901-B227-AC84F5CBBE2D}.Debug|Any CPU.ActiveCfg = Debug|Any CPU
		{015DB9E7-EFE2-4901-B227-AC84F5CBBE2D}.Debug|Any CPU.Build.0 = Debug|Any CPU
		{015DB9E7-EFE2-4901-B227-AC84F5CBBE2D}.Release|Any CPU.ActiveCfg = Release|Any CPU
		{015DB9E7-EFE2-4901-B227-AC84F5CBBE2D}.Release|Any CPU.Build.0 = Release|Any CPU
		{9ECD1A0B-4815-46F0-B1E3-C74CF29DAC0B}.Debug|Any CPU.ActiveCfg = Debug|Any CPU
		{9ECD1A0B-4815-46F0-B1E3-C74CF29DAC0B}.Debug|Any CPU.Build.0 = Debug|Any CPU
		{9ECD1A0B-4815-46F0-B1E3-C74CF29DAC0B}.Release|Any CPU.ActiveCfg = Release|Any CPU
		{9ECD1A0B-4815-46F0-B1E3-C74CF29DAC0B}.Release|Any CPU.Build.0 = Release|Any CPU
		{E56F7B00-BC9D-4512-A1C6-060F30D4513E}.Debug|Any CPU.ActiveCfg = Debug|Any CPU
		{E56F7B00-BC9D-4512-A1C6-060F30D4513E}.Debug|Any CPU.Build.0 = Debug|Any CPU
		{E56F7B00-BC9D-4512-A1C6-060F30D4513E}.Release|Any CPU.ActiveCfg = Release|Any CPU
		{E56F7B00-BC9D-4512-A1C6-060F30D4513E}.Release|Any CPU.Build.0 = Release|Any CPU
		{E051E9F8-CA43-49AE-888C-EF860FEC6E7A}.Debug|Any CPU.ActiveCfg = Debug|Any CPU
		{E051E9F8-CA43-49AE-888C-EF860FEC6E7A}.Debug|Any CPU.Build.0 = Debug|Any CPU
		{E051E9F8-CA43-49AE-888C-EF860FEC6E7A}.Release|Any CPU.ActiveCfg = Release|Any CPU
		{E051E9F8-CA43-49AE-888C-EF860FEC6E7A}.Release|Any CPU.Build.0 = Release|Any CPU
		{B6739C93-DDBB-4BCF-853E-02EAD8707AC8}.Debug|Any CPU.ActiveCfg = Debug|Any CPU
		{B6739C93-DDBB-4BCF-853E-02EAD8707AC8}.Debug|Any CPU.Build.0 = Debug|Any CPU
		{B6739C93-DDBB-4BCF-853E-02EAD8707AC8}.Release|Any CPU.ActiveCfg = Release|Any CPU
		{B6739C93-DDBB-4BCF-853E-02EAD8707AC8}.Release|Any CPU.Build.0 = Release|Any CPU
		{6F86590F-5CDE-44A5-9C3E-C34F12AEC3CA}.Debug|Any CPU.ActiveCfg = Debug|Any CPU
		{6F86590F-5CDE-44A5-9C3E-C34F12AEC3CA}.Debug|Any CPU.Build.0 = Debug|Any CPU
		{6F86590F-5CDE-44A5-9C3E-C34F12AEC3CA}.Release|Any CPU.ActiveCfg = Release|Any CPU
		{6F86590F-5CDE-44A5-9C3E-C34F12AEC3CA}.Release|Any CPU.Build.0 = Release|Any CPU
		{2A6745D6-00E1-45AC-8188-F6FCFBE4F00A}.Debug|Any CPU.ActiveCfg = Debug|Any CPU
		{2A6745D6-00E1-45AC-8188-F6FCFBE4F00A}.Debug|Any CPU.Build.0 = Debug|Any CPU
		{2A6745D6-00E1-45AC-8188-F6FCFBE4F00A}.Release|Any CPU.ActiveCfg = Release|Any CPU
		{2A6745D6-00E1-45AC-8188-F6FCFBE4F00A}.Release|Any CPU.Build.0 = Release|Any CPU
		{98B867E8-7546-40EE-BB4C-9EA357A4E671}.Debug|Any CPU.ActiveCfg = Debug|Any CPU
		{98B867E8-7546-40EE-BB4C-9EA357A4E671}.Debug|Any CPU.Build.0 = Debug|Any CPU
		{98B867E8-7546-40EE-BB4C-9EA357A4E671}.Release|Any CPU.ActiveCfg = Release|Any CPU
		{98B867E8-7546-40EE-BB4C-9EA357A4E671}.Release|Any CPU.Build.0 = Release|Any CPU
		{7E8A7D62-9524-420D-86D5-46B659582F19}.Debug|Any CPU.ActiveCfg = Debug|Any CPU
		{7E8A7D62-9524-420D-86D5-46B659582F19}.Debug|Any CPU.Build.0 = Debug|Any CPU
		{7E8A7D62-9524-420D-86D5-46B659582F19}.Release|Any CPU.ActiveCfg = Release|Any CPU
		{7E8A7D62-9524-420D-86D5-46B659582F19}.Release|Any CPU.Build.0 = Release|Any CPU
		{F7D4418A-5D34-4AFD-B1B1-4056D80B649F}.Debug|Any CPU.ActiveCfg = Debug|Any CPU
		{F7D4418A-5D34-4AFD-B1B1-4056D80B649F}.Debug|Any CPU.Build.0 = Debug|Any CPU
		{F7D4418A-5D34-4AFD-B1B1-4056D80B649F}.Release|Any CPU.ActiveCfg = Release|Any CPU
		{F7D4418A-5D34-4AFD-B1B1-4056D80B649F}.Release|Any CPU.Build.0 = Release|Any CPU
		{1D54CE99-8C78-41AA-BBA7-CA83EF8D78BC}.Debug|Any CPU.ActiveCfg = Debug|Any CPU
		{1D54CE99-8C78-41AA-BBA7-CA83EF8D78BC}.Debug|Any CPU.Build.0 = Debug|Any CPU
		{1D54CE99-8C78-41AA-BBA7-CA83EF8D78BC}.Release|Any CPU.ActiveCfg = Release|Any CPU
		{1D54CE99-8C78-41AA-BBA7-CA83EF8D78BC}.Release|Any CPU.Build.0 = Release|Any CPU
	EndGlobalSection
	GlobalSection(SolutionProperties) = preSolution
		HideSolutionNode = FALSE
	EndGlobalSection
	GlobalSection(NestedProjects) = preSolution
		{6EDD8E71-CDCC-4C80-A510-CFD32D07DBB2} = {0CEE1204-C202-4374-82E2-933DE86EB629}
		{3641236B-85CB-4722-BA98-7D50178B1C33} = {7E82CD34-B222-43C1-BAE7-CB2476C8DC8C}
		{28BA9E38-8D32-4055-9F63-EB958B563BD6} = {0CEE1204-C202-4374-82E2-933DE86EB629}
		{B25BBD46-802D-49D3-A7F8-42527F1381E3} = {0CEE1204-C202-4374-82E2-933DE86EB629}
		{015DB9E7-EFE2-4901-B227-AC84F5CBBE2D} = {2127C9E2-6E28-4EBF-988D-59190EAA9147}
		{9ECD1A0B-4815-46F0-B1E3-C74CF29DAC0B} = {2127C9E2-6E28-4EBF-988D-59190EAA9147}
		{E56F7B00-BC9D-4512-A1C6-060F30D4513E} = {2127C9E2-6E28-4EBF-988D-59190EAA9147}
		{E051E9F8-CA43-49AE-888C-EF860FEC6E7A} = {2127C9E2-6E28-4EBF-988D-59190EAA9147}
		{B6739C93-DDBB-4BCF-853E-02EAD8707AC8} = {2127C9E2-6E28-4EBF-988D-59190EAA9147}
		{6F86590F-5CDE-44A5-9C3E-C34F12AEC3CA} = {2127C9E2-6E28-4EBF-988D-59190EAA9147}
		{2A6745D6-00E1-45AC-8188-F6FCFBE4F00A} = {7E82CD34-B222-43C1-BAE7-CB2476C8DC8C}
		{98B867E8-7546-40EE-BB4C-9EA357A4E671} = {550B4359-BBE4-47DD-865B-44A1B5AAEC0F}
		{7E8A7D62-9524-420D-86D5-46B659582F19} = {0CEE1204-C202-4374-82E2-933DE86EB629}
		{F7D4418A-5D34-4AFD-B1B1-4056D80B649F} = {7E82CD34-B222-43C1-BAE7-CB2476C8DC8C}
		{1D54CE99-8C78-41AA-BBA7-CA83EF8D78BC} = {0CEE1204-C202-4374-82E2-933DE86EB629}
	EndGlobalSection
	GlobalSection(ExtensibilityGlobals) = postSolution
		SolutionGuid = {F485F14A-D582-4BC0-BF71-CB88BEFEBFA1}
	EndGlobalSection
EndGlobal
